
Microsoft Visual Studio Solution File, Format Version 12.00
# Visual Studio Version 16
VisualStudioVersion = 16.0.32901.82
MinimumVisualStudioVersion = 10.0.40219.1
Project("{FAE04EC0-301F-11D3-BF4B-00C04F79EFBC}") = "Dabing1201ShySharkWebApplication", "Dabing1201ShySharkWebApplication\Dabing1201ShySharkWebApplication.csproj", "{C25E322D-E4E7-4EBC-9A11-498B7BF7F2EC}"
EndProject
Global
	GlobalSection(SolutionConfigurationPlatforms) = preSolution
		Debug|Any CPU = Debug|Any CPU
		Release|Any CPU = Release|Any CPU
	EndGlobalSection
	GlobalSection(ProjectConfigurationPlatforms) = postSolution
		{C25E322D-E4E7-4EBC-9A11-498B7BF7F2EC}.Debug|Any CPU.ActiveCfg = Debug|Any CPU
		{C25E322D-E4E7-4EBC-9A11-498B7BF7F2EC}.Debug|Any CPU.Build.0 = Debug|Any CPU
		{C25E322D-E4E7-4EBC-9A11-498B7BF7F2EC}.Release|Any CPU.ActiveCfg = Release|Any CPU
		{C25E322D-E4E7-4EBC-9A11-498B7BF7F2EC}.Release|Any CPU.Build.0 = Release|Any CPU
	EndGlobalSection
	GlobalSection(SolutionProperties) = preSolution
		HideSolutionNode = FALSE
	EndGlobalSection
	GlobalSection(ExtensibilityGlobals) = postSolution
		SolutionGuid = {67D2D427-4BC3-4330-A178-8BC2B1BF5C34}
	EndGlobalSection
EndGlobal
